
Microsoft Visual Studio Solution File, Format Version 12.00
# Visual Studio Version 17
VisualStudioVersion = 17.3.32929.385
MinimumVisualStudioVersion = 10.0.40219.1
Project("{FAE04EC0-301F-11D3-BF4B-00C04F79EFBC}") = "FIT5032_MyDatabase", "FIT5032_MyDatabase\FIT5032_MyDatabase.csproj", "{A33734CE-7840-479D-99A0-97BFC51EDBBB}"
EndProject
Global
	GlobalSection(SolutionConfigurationPlatforms) = preSolution
		Debug|Any CPU = Debug|Any CPU
		Release|Any CPU = Release|Any CPU
	EndGlobalSection
	GlobalSection(ProjectConfigurationPlatforms) = postSolution
		{A33734CE-7840-479D-99A0-97BFC51EDBBB}.Debug|Any CPU.ActiveCfg = Debug|Any CPU
		{A33734CE-7840-479D-99A0-97BFC51EDBBB}.Debug|Any CPU.Build.0 = Debug|Any CPU
		{A33734CE-7840-479D-99A0-97BFC51EDBBB}.Release|Any CPU.ActiveCfg = Release|Any CPU
		{A33734CE-7840-479D-99A0-97BFC51EDBBB}.Release|Any CPU.Build.0 = Release|Any CPU
	EndGlobalSection
	GlobalSection(SolutionProperties) = preSolution
		HideSolutionNode = FALSE
	EndGlobalSection
	GlobalSection(ExtensibilityGlobals) = postSolution
		SolutionGuid = {36588A7F-66DE-47FA-A162-21E07ECEF829}
	EndGlobalSection
EndGlobal
